
Microsoft Visual Studio Solution File, Format Version 12.00
# Visual Studio Version 17
VisualStudioVersion = 17.14.36518.9
MinimumVisualStudioVersion = 10.0.40219.1
Project("{2150E333-8FDC-42A3-9474-1A3956D46DE8}") = "src", "src", "{02EA681E-C7D8-13C7-8484-4AC65E1B71E8}"
EndProject
Project("{2150E333-8FDC-42A3-9474-1A3956D46DE8}") = "demo", "demo", "{4A431521-C680-4960-8560-490D6DE89C21}"
EndProject
Project("{2150E333-8FDC-42A3-9474-1A3956D46DE8}") = "test", "test", "{C78685F6-271E-4AB7-A77A-942C890F405D}"
EndProject
Project("{FAE04EC0-301F-11D3-BF4B-00C04F79EFBC}") = "Masasamjant.AccessControl.UnitTests", "Masasamjant.AccessControl.UnitTests\Masasamjant.AccessControl.UnitTests.csproj", "{05630FAA-4EF1-4369-9FF6-5BBA2E27E8C5}"
EndProject
Global
	GlobalSection(SolutionConfigurationPlatforms) = preSolution
		Debug|Any CPU = Debug|Any CPU
		Release|Any CPU = Release|Any CPU
	EndGlobalSection
	GlobalSection(ProjectConfigurationPlatforms) = postSolution
		{05630FAA-4EF1-4369-9FF6-5BBA2E27E8C5}.Debug|Any CPU.ActiveCfg = Debug|Any CPU
		{05630FAA-4EF1-4369-9FF6-5BBA2E27E8C5}.Debug|Any CPU.Build.0 = Debug|Any CPU
		{05630FAA-4EF1-4369-9FF6-5BBA2E27E8C5}.Release|Any CPU.ActiveCfg = Release|Any CPU
		{05630FAA-4EF1-4369-9FF6-5BBA2E27E8C5}.Release|Any CPU.Build.0 = Release|Any CPU
	EndGlobalSection
	GlobalSection(SolutionProperties) = preSolution
		HideSolutionNode = FALSE
	EndGlobalSection
	GlobalSection(NestedProjects) = preSolution
		{05630FAA-4EF1-4369-9FF6-5BBA2E27E8C5} = {C78685F6-271E-4AB7-A77A-942C890F405D}
	EndGlobalSection
	GlobalSection(ExtensibilityGlobals) = postSolution
		SolutionGuid = {53BE0653-A55D-4F35-A516-D0A479E6706D}
	EndGlobalSection
EndGlobal
